
Microsoft Visual Studio Solution File, Format Version 12.00
# Visual Studio Version 17
VisualStudioVersion = 17.12.35514.174
MinimumVisualStudioVersion = 10.0.40219.1
Project("{FAE04EC0-301F-11D3-BF4B-00C04F79EFBC}") = "WarehouseApp", "WarehouseApp.csproj", "{B77546A1-72D3-4F9F-9EAF-E4A742EB1A7A}"
EndProject
Project("{FAE04EC0-301F-11D3-BF4B-00C04F79EFBC}") = "Warehouse.Backend", "..\Warehouse.Backend\Warehouse.Backend.csproj", "{32E6BF00-F6BD-4BF8-B53D-033D71E8C48F}"
EndProject
Project("{FAE04EC0-301F-11D3-BF4B-00C04F79EFBC}") = "Models", "..\Models\Models.csproj", "{03A7D284-EB7A-433E-A895-E5CA769009B4}"
EndProject
Project("{FAE04EC0-301F-11D3-BF4B-00C04F79EFBC}") = "APITest", "..\APITest\APITest.csproj", "{05B9A39A-48F8-44ED-BE79-C966CECBDE31}"
EndProject
Global
	GlobalSection(SolutionConfigurationPlatforms) = preSolution
		Debug|Any CPU = Debug|Any CPU
		Release|Any CPU = Release|Any CPU
	EndGlobalSection
	GlobalSection(ProjectConfigurationPlatforms) = postSolution
		{B77546A1-72D3-4F9F-9EAF-E4A742EB1A7A}.Debug|Any CPU.ActiveCfg = Debug|Any CPU
		{B77546A1-72D3-4F9F-9EAF-E4A742EB1A7A}.Debug|Any CPU.Build.0 = Debug|Any CPU
		{B77546A1-72D3-4F9F-9EAF-E4A742EB1A7A}.Debug|Any CPU.Deploy.0 = Debug|Any CPU
		{B77546A1-72D3-4F9F-9EAF-E4A742EB1A7A}.Release|Any CPU.ActiveCfg = Release|Any CPU
		{B77546A1-72D3-4F9F-9EAF-E4A742EB1A7A}.Release|Any CPU.Build.0 = Release|Any CPU
		{32E6BF00-F6BD-4BF8-B53D-033D71E8C48F}.Debug|Any CPU.ActiveCfg = Debug|Any CPU
		{32E6BF00-F6BD-4BF8-B53D-033D71E8C48F}.Debug|Any CPU.Build.0 = Debug|Any CPU
		{32E6BF00-F6BD-4BF8-B53D-033D71E8C48F}.Release|Any CPU.ActiveCfg = Release|Any CPU
		{32E6BF00-F6BD-4BF8-B53D-033D71E8C48F}.Release|Any CPU.Build.0 = Release|Any CPU
		{03A7D284-EB7A-433E-A895-E5CA769009B4}.Debug|Any CPU.ActiveCfg = Debug|Any CPU
		{03A7D284-EB7A-433E-A895-E5CA769009B4}.Debug|Any CPU.Build.0 = Debug|Any CPU
		{03A7D284-EB7A-433E-A895-E5CA769009B4}.Release|Any CPU.ActiveCfg = Release|Any CPU
		{03A7D284-EB7A-433E-A895-E5CA769009B4}.Release|Any CPU.Build.0 = Release|Any CPU
		{05B9A39A-48F8-44ED-BE79-C966CECBDE31}.Debug|Any CPU.ActiveCfg = Debug|Any CPU
		{05B9A39A-48F8-44ED-BE79-C966CECBDE31}.Debug|Any CPU.Build.0 = Debug|Any CPU
		{05B9A39A-48F8-44ED-BE79-C966CECBDE31}.Release|Any CPU.ActiveCfg = Release|Any CPU
		{05B9A39A-48F8-44ED-BE79-C966CECBDE31}.Release|Any CPU.Build.0 = Release|Any CPU
	EndGlobalSection
	GlobalSection(SolutionProperties) = preSolution
		HideSolutionNode = FALSE
	EndGlobalSection
EndGlobal
